<?xml version="1.0" encoding="utf-8"?>
<Project ToolsVersion="18.0" xmlns="http://schemas.microsoft.com/developer/msbuild/2003">
  <ItemGroup>
    <ClCompile Include="C:\Users\windows\StudioProjects\cfrn\windows\flutter\ephemeral\.plugin_symlinks\audioplayers_windows\windows\audioplayers_windows_plugin.cpp">
      <Filter>Source Files</Filter>
    </ClCompile>
    <ClCompile Include="C:\Users\windows\StudioProjects\cfrn\windows\flutter\ephemeral\.plugin_symlinks\audioplayers_windows\windows\audio_player.cpp">
      <Filter>Source Files</Filter>
    </ClCompile>
    <ClCompile Include="C:\Users\windows\StudioProjects\cfrn\windows\flutter\ephemeral\.plugin_symlinks\audioplayers_windows\windows\MediaEngineExtension.cpp">
      <Filter>Source Files</Filter>
    </ClCompile>
    <ClCompile Include="C:\Users\windows\StudioProjects\cfrn\windows\flutter\ephemeral\.plugin_symlinks\audioplayers_windows\windows\MediaEngineWrapper.cpp">
      <Filter>Source Files</Filter>
    </ClCompile>
  </ItemGroup>
  <ItemGroup>
    <ClInclude Include="C:\Users\windows\StudioProjects\cfrn\windows\flutter\ephemeral\.plugin_symlinks\audioplayers_windows\windows\audio_player.h">
      <Filter>Header Files</Filter>
    </ClInclude>
    <ClInclude Include="C:\Users\windows\StudioProjects\cfrn\windows\flutter\ephemeral\.plugin_symlinks\audioplayers_windows\windows\audioplayers_helpers.h">
      <Filter>Header Files</Filter>
    </ClInclude>
    <ClInclude Include="C:\Users\windows\StudioProjects\cfrn\windows\flutter\ephemeral\.plugin_symlinks\audioplayers_windows\windows\event_stream_handler.h">
      <Filter>Header Files</Filter>
    </ClInclude>
    <ClInclude Include="C:\Users\windows\StudioProjects\cfrn\windows\flutter\ephemeral\.plugin_symlinks\audioplayers_windows\windows\MediaEngineExtension.h">
      <Filter>Header Files</Filter>
    </ClInclude>
    <ClInclude Include="C:\Users\windows\StudioProjects\cfrn\windows\flutter\ephemeral\.plugin_symlinks\audioplayers_windows\windows\MediaFoundationHelpers.h">
      <Filter>Header Files</Filter>
    </ClInclude>
    <ClInclude Include="C:\Users\windows\StudioProjects\cfrn\windows\flutter\ephemeral\.plugin_symlinks\audioplayers_windows\windows\MediaEngineWrapper.h">
      <Filter>Header Files</Filter>
    </ClInclude>
  </ItemGroup>
  <ItemGroup>
    <CustomBuild Include="C:\Users\windows\StudioProjects\cfrn\windows\flutter\ephemeral\.plugin_symlinks\audioplayers_windows\windows\CMakeLists.txt" />
  </ItemGroup>
  <ItemGroup>
    <Filter Include="Header Files">
      <UniqueIdentifier>{D461305E-1692-3905-AA8A-76BEF31704C1}</UniqueIdentifier>
    </Filter>
    <Filter Include="Source Files">
      <UniqueIdentifier>{A50EEFC3-3685-368B-818F-E56344C162C9}</UniqueIdentifier>
    </Filter>
  </ItemGroup>
</Project>
