<?xml version="1.0" encoding="utf-8"?>
<Project ToolsVersion="18.0" xmlns="http://schemas.microsoft.com/developer/msbuild/2003">
  <ItemGroup>
    <CustomBuild Include="C:\Users\windows\StudioProjects\cfrn\build\windows\x64\CMakeFiles\a13b2f7ac2270e60104bec419daecbff\generate.stamp.rule">
      <Filter>CMake Rules</Filter>
    </CustomBuild>
  </ItemGroup>
  <ItemGroup>
    <Filter Include="CMake Rules">
      <UniqueIdentifier>{C74D55D1-62EE-3B66-AF6B-4B51EF12B6D7}</UniqueIdentifier>
    </Filter>
  </ItemGroup>
</Project>
